
Microsoft Visual Studio Solution File, Format Version 12.00
# Visual Studio Version 17
VisualStudioVersion = 17.7.34221.43
MinimumVisualStudioVersion = 10.0.40219.1
Project("{FAE04EC0-301F-11D3-BF4B-00C04F79EFBC}") = "Sinus", "Sinus\Sinus.csproj", "{8B08CD86-036C-43A9-9EF0-33C2DEDE7C60}"
EndProject
Global
	GlobalSection(SolutionConfigurationPlatforms) = preSolution
		Debug|Any CPU = Debug|Any CPU
		Release|Any CPU = Release|Any CPU
	EndGlobalSection
	GlobalSection(ProjectConfigurationPlatforms) = postSolution
		{8B08CD86-036C-43A9-9EF0-33C2DEDE7C60}.Debug|Any CPU.ActiveCfg = Debug|Any CPU
		{8B08CD86-036C-43A9-9EF0-33C2DEDE7C60}.Debug|Any CPU.Build.0 = Debug|Any CPU
		{8B08CD86-036C-43A9-9EF0-33C2DEDE7C60}.Release|Any CPU.ActiveCfg = Release|Any CPU
		{8B08CD86-036C-43A9-9EF0-33C2DEDE7C60}.Release|Any CPU.Build.0 = Release|Any CPU
	EndGlobalSection
	GlobalSection(SolutionProperties) = preSolution
		HideSolutionNode = FALSE
	EndGlobalSection
	GlobalSection(ExtensibilityGlobals) = postSolution
		SolutionGuid = {DF7D08C8-B6BF-4C17-9C73-4707B0C80E8E}
	EndGlobalSection
EndGlobal
